
Microsoft Visual Studio Solution File, Format Version 12.00
# Visual Studio Version 17
VisualStudioVersion = 17.14.37012.4
MinimumVisualStudioVersion = 10.0.40219.1
Project("{FAE04EC0-301F-11D3-BF4B-00C04F79EFBC}") = "CoffeeMachineAPI", "CoffeeMachineAPI\CoffeeMachineAPI.csproj", "{9F5E6B79-3498-4DE4-8AE0-C94FECCD831D}"
EndProject
Project("{FAE04EC0-301F-11D3-BF4B-00C04F79EFBC}") = "CoffeeMachineAPI.Tests", "CoffeeMachineAPI.Tests\CoffeeMachineAPI.Tests.csproj", "{BCF91A14-B0B6-4762-BDF7-7A19AB8A3AF0}"
EndProject
Global
	GlobalSection(SolutionConfigurationPlatforms) = preSolution
		Debug|Any CPU = Debug|Any CPU
		Release|Any CPU = Release|Any CPU
	EndGlobalSection
	GlobalSection(ProjectConfigurationPlatforms) = postSolution
		{9F5E6B79-3498-4DE4-8AE0-C94FECCD831D}.Debug|Any CPU.ActiveCfg = Debug|Any CPU
		{9F5E6B79-3498-4DE4-8AE0-C94FECCD831D}.Debug|Any CPU.Build.0 = Debug|Any CPU
		{9F5E6B79-3498-4DE4-8AE0-C94FECCD831D}.Release|Any CPU.ActiveCfg = Release|Any CPU
		{9F5E6B79-3498-4DE4-8AE0-C94FECCD831D}.Release|Any CPU.Build.0 = Release|Any CPU
		{BCF91A14-B0B6-4762-BDF7-7A19AB8A3AF0}.Debug|Any CPU.ActiveCfg = Debug|Any CPU
		{BCF91A14-B0B6-4762-BDF7-7A19AB8A3AF0}.Debug|Any CPU.Build.0 = Debug|Any CPU
		{BCF91A14-B0B6-4762-BDF7-7A19AB8A3AF0}.Release|Any CPU.ActiveCfg = Release|Any CPU
		{BCF91A14-B0B6-4762-BDF7-7A19AB8A3AF0}.Release|Any CPU.Build.0 = Release|Any CPU
	EndGlobalSection
	GlobalSection(SolutionProperties) = preSolution
		HideSolutionNode = FALSE
	EndGlobalSection
	GlobalSection(ExtensibilityGlobals) = postSolution
		SolutionGuid = {2ABD7DE8-4C07-4201-95B7-3F84C6ABAACA}
	EndGlobalSection
EndGlobal
